// !$*UTF8*$!
{
	archiveVersion = 1;
	classes = {
	};
	objectVersion = 50;
	objects = {

/* Begin PBXBuildFile section */
		A50F6F962399A2A000EB7235 /* AddTallyView.swift in Sources */ = {isa = PBXBuildFile; fileRef = A50F6F952399A2A000EB7235 /* AddTallyView.swift */; };
		A561E5AD238C80C7000767E4 /* TalliesView.swift in Sources */ = {isa = PBXBuildFile; fileRef = A561E5AC238C80C7000767E4 /* TalliesView.swift */; };
		A561E5AF238C86DE000767E4 /* TallyViewDetail.swift in Sources */ = {isa = PBXBuildFile; fileRef = A561E5AE238C86DE000767E4 /* TallyViewDetail.swift */; };
		A59913142399D11500B0D22E /* CustomAutofocusTextField.swift in Sources */ = {isa = PBXBuildFile; fileRef = A59913132399D11500B0D22E /* CustomAutofocusTextField.swift */; };
		A5A278982395AF18008572E9 /* CustomNumericTextField.swift in Sources */ = {isa = PBXBuildFile; fileRef = A5A278972395AF18008572E9 /* CustomNumericTextField.swift */; };
		A5A2789A2395C868008572E9 /* Helpers.swift in Sources */ = {isa = PBXBuildFile; fileRef = A5A278992395C868008572E9 /* Helpers.swift */; };
		A5B63C85238C9C61004390E6 /* Model.swift in Sources */ = {isa = PBXBuildFile; fileRef = A5B63C84238C9C61004390E6 /* Model.swift */; };
		A5CA797C238AF46A00263480 /* AppDelegate.swift in Sources */ = {isa = PBXBuildFile; fileRef = A5CA797B238AF46A00263480 /* AppDelegate.swift */; };
		A5CA797E238AF46A00263480 /* SceneDelegate.swift in Sources */ = {isa = PBXBuildFile; fileRef = A5CA797D238AF46A00263480 /* SceneDelegate.swift */; };
		A5CA7982238AF46C00263480 /* Assets.xcassets in Resources */ = {isa = PBXBuildFile; fileRef = A5CA7981238AF46C00263480 /* Assets.xcassets */; };
		A5CA7985238AF46C00263480 /* Preview Assets.xcassets in Resources */ = {isa = PBXBuildFile; fileRef = A5CA7984238AF46C00263480 /* Preview Assets.xcassets */; };
		A5CA7988238AF46C00263480 /* LaunchScreen.storyboard in Resources */ = {isa = PBXBuildFile; fileRef = A5CA7986238AF46C00263480 /* LaunchScreen.storyboard */; };
		A5CA7993238AF46C00263480 /* TallybookTests.swift in Sources */ = {isa = PBXBuildFile; fileRef = A5CA7992238AF46C00263480 /* TallybookTests.swift */; };
		A5CA799E238AF46C00263480 /* TallybookUITests.swift in Sources */ = {isa = PBXBuildFile; fileRef = A5CA799D238AF46C00263480 /* TallybookUITests.swift */; };
		A5CA79AC238AF53F00263480 /* TallyBlock.swift in Sources */ = {isa = PBXBuildFile; fileRef = A5CA79AB238AF53F00263480 /* TallyBlock.swift */; };
/* End PBXBuildFile section */

/* Begin PBXContainerItemProxy section */
		A5CA798F238AF46C00263480 /* PBXContainerItemProxy */ = {
			isa = PBXContainerItemProxy;
			containerPortal = A5CA7970238AF46A00263480 /* Project object */;
			proxyType = 1;
			remoteGlobalIDString = A5CA7977238AF46A00263480;
			remoteInfo = Tallybook;
		};
		A5CA799A238AF46C00263480 /* PBXContainerItemProxy */ = {
			isa = PBXContainerItemProxy;
			containerPortal = A5CA7970238AF46A00263480 /* Project object */;
			proxyType = 1;
			remoteGlobalIDString = A5CA7977238AF46A00263480;
			remoteInfo = Tallybook;
		};
/* End PBXContainerItemProxy section */

/* Begin PBXFileReference section */
		A50F6F952399A2A000EB7235 /* AddTallyView.swift */ = {isa = PBXFileReference; lastKnownFileType = sourcecode.swift; path = AddTallyView.swift; sourceTree = "<group>"; };
		A561E5AC238C80C7000767E4 /* TalliesView.swift */ = {isa = PBXFileReference; lastKnownFileType = sourcecode.swift; path = TalliesView.swift; sourceTree = "<group>"; };
		A561E5AE238C86DE000767E4 /* TallyViewDetail.swift */ = {isa = PBXFileReference; lastKnownFileType = sourcecode.swift; path = TallyViewDetail.swift; sourceTree = "<group>"; };
		A59913132399D11500B0D22E /* CustomAutofocusTextField.swift */ = {isa = PBXFileReference; lastKnownFileType = sourcecode.swift; path = CustomAutofocusTextField.swift; sourceTree = "<group>"; };
		A5A278972395AF18008572E9 /* CustomNumericTextField.swift */ = {isa = PBXFileReference; lastKnownFileType = sourcecode.swift; path = CustomNumericTextField.swift; sourceTree = "<group>"; };
		A5A278992395C868008572E9 /* Helpers.swift */ = {isa = PBXFileReference; lastKnownFileType = sourcecode.swift; path = Helpers.swift; sourceTree = "<group>"; };
		A5B63C84238C9C61004390E6 /* Model.swift */ = {isa = PBXFileReference; lastKnownFileType = sourcecode.swift; path = Model.swift; sourceTree = "<group>"; };
		A5CA7978238AF46A00263480 /* Tallybook.app */ = {isa = PBXFileReference; explicitFileType = wrapper.application; includeInIndex = 0; path = Tallybook.app; sourceTree = BUILT_PRODUCTS_DIR; };
		A5CA797B238AF46A00263480 /* AppDelegate.swift */ = {isa = PBXFileReference; lastKnownFileType = sourcecode.swift; path = AppDelegate.swift; sourceTree = "<group>"; };
		A5CA797D238AF46A00263480 /* SceneDelegate.swift */ = {isa = PBXFileReference; lastKnownFileType = sourcecode.swift; path = SceneDelegate.swift; sourceTree = "<group>"; };
		A5CA7981238AF46C00263480 /* Assets.xcassets */ = {isa = PBXFileReference; lastKnownFileType = folder.assetcatalog; path = Assets.xcassets; sourceTree = "<group>"; };
		A5CA7984238AF46C00263480 /* Preview Assets.xcassets */ = {isa = PBXFileReference; lastKnownFileType = folder.assetcatalog; path = "Preview Assets.xcassets"; sourceTree = "<group>"; };
		A5CA7987238AF46C00263480 /* Base */ = {isa = PBXFileReference; lastKnownFileType = file.storyboard; name = Base; path = Base.lproj/LaunchScreen.storyboard; sourceTree = "<group>"; };
		A5CA7989238AF46C00263480 /* Info.plist */ = {isa = PBXFileReference; lastKnownFileType = text.plist.xml; path = Info.plist; sourceTree = "<group>"; };
		A5CA798E238AF46C00263480 /* TallybookTests.xctest */ = {isa = PBXFileReference; explicitFileType = wrapper.cfbundle; includeInIndex = 0; path = TallybookTests.xctest; sourceTree = BUILT_PRODUCTS_DIR; };
		A5CA7992238AF46C00263480 /* TallybookTests.swift */ = {isa = PBXFileReference; lastKnownFileType = sourcecode.swift; path = TallybookTests.swift; sourceTree = "<group>"; };
		A5CA7994238AF46C00263480 /* Info.plist */ = {isa = PBXFileReference; lastKnownFileType = text.plist.xml; path = Info.plist; sourceTree = "<group>"; };
		A5CA7999238AF46C00263480 /* TallybookUITests.xctest */ = {isa = PBXFileReference; explicitFileType = wrapper.cfbundle; includeInIndex = 0; path = TallybookUITests.xctest; sourceTree = BUILT_PRODUCTS_DIR; };
		A5CA799D238AF46C00263480 /* TallybookUITests.swift */ = {isa = PBXFileReference; lastKnownFileType = sourcecode.swift; path = TallybookUITests.swift; sourceTree = "<group>"; };
		A5CA799F238AF46C00263480 /* Info.plist */ = {isa = PBXFileReference; lastKnownFileType = text.plist.xml; path = Info.plist; sourceTree = "<group>"; };
		A5CA79AB238AF53F00263480 /* TallyBlock.swift */ = {isa = PBXFileReference; lastKnownFileType = sourcecode.swift; path = TallyBlock.swift; sourceTree = "<group>"; };
/* End PBXFileReference section */

/* Begin PBXFrameworksBuildPhase section */
		A5CA7975238AF46A00263480 /* Frameworks */ = {
			isa = PBXFrameworksBuildPhase;
			buildActionMask = 2147483647;
			files = (
			);
			runOnlyForDeploymentPostprocessing = 0;
		};
		A5CA798B238AF46C00263480 /* Frameworks */ = {
			isa = PBXFrameworksBuildPhase;
			buildActionMask = 2147483647;
			files = (
			);
			runOnlyForDeploymentPostprocessing = 0;
		};
		A5CA7996238AF46C00263480 /* Frameworks */ = {
			isa = PBXFrameworksBuildPhase;
			buildActionMask = 2147483647;
			files = (
			);
			runOnlyForDeploymentPostprocessing = 0;
		};
/* End PBXFrameworksBuildPhase section */

/* Begin PBXGroup section */
		A5A2789B23960696008572E9 /* User Interface */ = {
			isa = PBXGroup;
			children = (
				A561E5AC238C80C7000767E4 /* TalliesView.swift */,
				A50F6F952399A2A000EB7235 /* AddTallyView.swift */,
				A5CA79AB238AF53F00263480 /* TallyBlock.swift */,
				A5A278972395AF18008572E9 /* CustomNumericTextField.swift */,
				A59913132399D11500B0D22E /* CustomAutofocusTextField.swift */,
				A561E5AE238C86DE000767E4 /* TallyViewDetail.swift */,
			);
			name = "User Interface";
			sourceTree = "<group>";
		};
		A5CA796F238AF46A00263480 = {
			isa = PBXGroup;
			children = (
				A5CA797A238AF46A00263480 /* Tallybook */,
				A5CA7991238AF46C00263480 /* TallybookTests */,
				A5CA799C238AF46C00263480 /* TallybookUITests */,
				A5CA7979238AF46A00263480 /* Products */,
			);
			sourceTree = "<group>";
		};
		A5CA7979238AF46A00263480 /* Products */ = {
			isa = PBXGroup;
			children = (
				A5CA7978238AF46A00263480 /* Tallybook.app */,
				A5CA798E238AF46C00263480 /* TallybookTests.xctest */,
				A5CA7999238AF46C00263480 /* TallybookUITests.xctest */,
			);
			name = Products;
			sourceTree = "<group>";
		};
		A5CA797A238AF46A00263480 /* Tallybook */ = {
			isa = PBXGroup;
			children = (
				A5CA797B238AF46A00263480 /* AppDelegate.swift */,
				A5CA797D238AF46A00263480 /* SceneDelegate.swift */,
				A5A2789B23960696008572E9 /* User Interface */,
				A5B63C84238C9C61004390E6 /* Model.swift */,
				A5A278992395C868008572E9 /* Helpers.swift */,
				A5CA7986238AF46C00263480 /* LaunchScreen.storyboard */,
				A5CA7981238AF46C00263480 /* Assets.xcassets */,
				A5CA7989238AF46C00263480 /* Info.plist */,
				A5CA7983238AF46C00263480 /* Preview Content */,
			);
			path = Tallybook;
			sourceTree = "<group>";
		};
		A5CA7983238AF46C00263480 /* Preview Content */ = {
			isa = PBXGroup;
			children = (
				A5CA7984238AF46C00263480 /* Preview Assets.xcassets */,
			);
			path = "Preview Content";
			sourceTree = "<group>";
		};
		A5CA7991238AF46C00263480 /* TallybookTests */ = {
			isa = PBXGroup;
			children = (
				A5CA7992238AF46C00263480 /* TallybookTests.swift */,
				A5CA7994238AF46C00263480 /* Info.plist */,
			);
			path = TallybookTests;
			sourceTree = "<group>";
		};
		A5CA799C238AF46C00263480 /* TallybookUITests */ = {
			isa = PBXGroup;
			children = (
				A5CA799D238AF46C00263480 /* TallybookUITests.swift */,
				A5CA799F238AF46C00263480 /* Info.plist */,
			);
			path = TallybookUITests;
			sourceTree = "<group>";
		};
/* End PBXGroup section */

/* Begin PBXNativeTarget section */
		A5CA7977238AF46A00263480 /* Tallybook */ = {
			isa = PBXNativeTarget;
			buildConfigurationList = A5CA79A2238AF46C00263480 /* Build configuration list for PBXNativeTarget "Tallybook" */;
			buildPhases = (
				A5CA7974238AF46A00263480 /* Sources */,
				A5CA7975238AF46A00263480 /* Frameworks */,
				A5CA7976238AF46A00263480 /* Resources */,
			);
			buildRules = (
			);
			dependencies = (
			);
			name = Tallybook;
			productName = Tallybook;
			productReference = A5CA7978238AF46A00263480 /* Tallybook.app */;
			productType = "com.apple.product-type.application";
		};
		A5CA798D238AF46C00263480 /* TallybookTests */ = {
			isa = PBXNativeTarget;
			buildConfigurationList = A5CA79A5238AF46C00263480 /* Build configuration list for PBXNativeTarget "TallybookTests" */;
			buildPhases = (
				A5CA798A238AF46C00263480 /* Sources */,
				A5CA798B238AF46C00263480 /* Frameworks */,
				A5CA798C238AF46C00263480 /* Resources */,
			);
			buildRules = (
			);
			dependencies = (
				A5CA7990238AF46C00263480 /* PBXTargetDependency */,
			);
			name = TallybookTests;
			productName = TallybookTests;
			productReference = A5CA798E238AF46C00263480 /* TallybookTests.xctest */;
			productType = "com.apple.product-type.bundle.unit-test";
		};
		A5CA7998238AF46C00263480 /* TallybookUITests */ = {
			isa = PBXNativeTarget;
			buildConfigurationList = A5CA79A8238AF46C00263480 /* Build configuration list for PBXNativeTarget "TallybookUITests" */;
			buildPhases = (
				A5CA7995238AF46C00263480 /* Sources */,
				A5CA7996238AF46C00263480 /* Frameworks */,
				A5CA7997238AF46C00263480 /* Resources */,
			);
			buildRules = (
			);
			dependencies = (
				A5CA799B238AF46C00263480 /* PBXTargetDependency */,
			);
			name = TallybookUITests;
			productName = TallybookUITests;
			productReference = A5CA7999238AF46C00263480 /* TallybookUITests.xctest */;
			productType = "com.apple.product-type.bundle.ui-testing";
		};
/* End PBXNativeTarget section */

/* Begin PBXProject section */
		A5CA7970238AF46A00263480 /* Project object */ = {
			isa = PBXProject;
			attributes = {
				LastSwiftUpdateCheck = 1100;
				LastUpgradeCheck = 1100;
				ORGANIZATIONNAME = "Max Bickers";
				TargetAttributes = {
					A5CA7977238AF46A00263480 = {
						CreatedOnToolsVersion = 11.0;
					};
					A5CA798D238AF46C00263480 = {
						CreatedOnToolsVersion = 11.0;
						TestTargetID = A5CA7977238AF46A00263480;
					};
					A5CA7998238AF46C00263480 = {
						CreatedOnToolsVersion = 11.0;
						TestTargetID = A5CA7977238AF46A00263480;
					};
				};
			};
			buildConfigurationList = A5CA7973238AF46A00263480 /* Build configuration list for PBXProject "Tallybook" */;
			compatibilityVersion = "Xcode 9.3";
			developmentRegion = en;
			hasScannedForEncodings = 0;
			knownRegions = (
				en,
				Base,
			);
			mainGroup = A5CA796F238AF46A00263480;
			productRefGroup = A5CA7979238AF46A00263480 /* Products */;
			projectDirPath = "";
			projectRoot = "";
			targets = (
				A5CA7977238AF46A00263480 /* Tallybook */,
				A5CA798D238AF46C00263480 /* TallybookTests */,
				A5CA7998238AF46C00263480 /* TallybookUITests */,
			);
		};
/* End PBXProject section */

/* Begin PBXResourcesBuildPhase section */
		A5CA7976238AF46A00263480 /* Resources */ = {
			isa = PBXResourcesBuildPhase;
			buildActionMask = 2147483647;
			files = (
				A5CA7988238AF46C00263480 /* LaunchScreen.storyboard in Resources */,
				A5CA7985238AF46C00263480 /* Preview Assets.xcassets in Resources */,
				A5CA7982238AF46C00263480 /* Assets.xcassets in Resources */,
			);
			runOnlyForDeploymentPostprocessing = 0;
		};
		A5CA798C238AF46C00263480 /* Resources */ = {
			isa = PBXResourcesBuildPhase;
			buildActionMask = 2147483647;
			files = (
			);
			runOnlyForDeploymentPostprocessing = 0;
		};
		A5CA7997238AF46C00263480 /* Resources */ = {
			isa = PBXResourcesBuildPhase;
			buildActionMask = 2147483647;
			files = (
			);
			runOnlyForDeploymentPostprocessing = 0;
		};
/* End PBXResourcesBuildPhase section */

/* Begin PBXSourcesBuildPhase section */
		A5CA7974238AF46A00263480 /* Sources */ = {
			isa = PBXSourcesBuildPhase;
			buildActionMask = 2147483647;
			files = (
				A5A278982395AF18008572E9 /* CustomNumericTextField.swift in Sources */,
				A5B63C85238C9C61004390E6 /* Model.swift in Sources */,
				A5CA79AC238AF53F00263480 /* TallyBlock.swift in Sources */,
				A5A2789A2395C868008572E9 /* Helpers.swift in Sources */,
				A59913142399D11500B0D22E /* CustomAutofocusTextField.swift in Sources */,
				A5CA797C238AF46A00263480 /* AppDelegate.swift in Sources */,
				A5CA797E238AF46A00263480 /* SceneDelegate.swift in Sources */,
				A561E5AF238C86DE000767E4 /* TallyViewDetail.swift in Sources */,
				A561E5AD238C80C7000767E4 /* TalliesView.swift in Sources */,
				A50F6F962399A2A000EB7235 /* AddTallyView.swift in Sources */,
			);
			runOnlyForDeploymentPostprocessing = 0;
		};
		A5CA798A238AF46C00263480 /* Sources */ = {
			isa = PBXSourcesBuildPhase;
			buildActionMask = 2147483647;
			files = (
				A5CA7993238AF46C00263480 /* TallybookTests.swift in Sources */,
			);
			runOnlyForDeploymentPostprocessing = 0;
		};
		A5CA7995238AF46C00263480 /* Sources */ = {
			isa = PBXSourcesBuildPhase;
			buildActionMask = 2147483647;
			files = (
				A5CA799E238AF46C00263480 /* TallybookUITests.swift in Sources */,
			);
			runOnlyForDeploymentPostprocessing = 0;
		};
/* End PBXSourcesBuildPhase section */

/* Begin PBXTargetDependency section */
		A5CA7990238AF46C00263480 /* PBXTargetDependency */ = {
			isa = PBXTargetDependency;
			target = A5CA7977238AF46A00263480 /* Tallybook */;
			targetProxy = A5CA798F238AF46C00263480 /* PBXContainerItemProxy */;
		};
		A5CA799B238AF46C00263480 /* PBXTargetDependency */ = {
			isa = PBXTargetDependency;
			target = A5CA7977238AF46A00263480 /* Tallybook */;
			targetProxy = A5CA799A238AF46C00263480 /* PBXContainerItemProxy */;
		};
/* End PBXTargetDependency section */

/* Begin PBXVariantGroup section */
		A5CA7986238AF46C00263480 /* LaunchScreen.storyboard */ = {
			isa = PBXVariantGroup;
			children = (
				A5CA7987238AF46C00263480 /* Base */,
			);
			name = LaunchScreen.storyboard;
			sourceTree = "<group>";
		};
/* End PBXVariantGroup section */

/* Begin XCBuildConfiguration section */
		A5CA79A0238AF46C00263480 /* Debug */ = {
			isa = XCBuildConfiguration;
			buildSettings = {
				ALWAYS_SEARCH_USER_PATHS = NO;
				CLANG_ANALYZER_NONNULL = YES;
				CLANG_ANALYZER_NUMBER_OBJECT_CONVERSION = YES_AGGRESSIVE;
				CLANG_CXX_LANGUAGE_STANDARD = "gnu++14";
				CLANG_CXX_LIBRARY = "libc++";
				CLANG_ENABLE_MODULES = YES;
				CLANG_ENABLE_OBJC_ARC = YES;
				CLANG_ENABLE_OBJC_WEAK = YES;
				CLANG_WARN_BLOCK_CAPTURE_AUTORELEASING = YES;
				CLANG_WARN_BOOL_CONVERSION = YES;
				CLANG_WARN_COMMA = YES;
				CLANG_WARN_CONSTANT_CONVERSION = YES;
				CLANG_WARN_DEPRECATED_OBJC_IMPLEMENTATIONS = YES;
				CLANG_WARN_DIRECT_OBJC_ISA_USAGE = YES_ERROR;
				CLANG_WARN_DOCUMENTATION_COMMENTS = YES;
				CLANG_WARN_EMPTY_BODY = YES;
				CLANG_WARN_ENUM_CONVERSION = YES;
				CLANG_WARN_INFINITE_RECURSION = YES;
				CLANG_WARN_INT_CONVERSION = YES;
				CLANG_WARN_NON_LITERAL_NULL_CONVERSION = YES;
				CLANG_WARN_OBJC_IMPLICIT_RETAIN_SELF = YES;
				CLANG_WARN_OBJC_LITERAL_CONVERSION = YES;
				CLANG_WARN_OBJC_ROOT_CLASS = YES_ERROR;
				CLANG_WARN_RANGE_LOOP_ANALYSIS = YES;
				CLANG_WARN_STRICT_PROTOTYPES = YES;
				CLANG_WARN_SUSPICIOUS_MOVE = YES;
				CLANG_WARN_UNGUARDED_AVAILABILITY = YES_AGGRESSIVE;
				CLANG_WARN_UNREACHABLE_CODE = YES;
				CLANG_WARN__DUPLICATE_METHOD_MATCH = YES;
				COPY_PHASE_STRIP = NO;
				DEBUG_INFORMATION_FORMAT = dwarf;
				ENABLE_STRICT_OBJC_MSGSEND = YES;
				ENABLE_TESTABILITY = YES;
				GCC_C_LANGUAGE_STANDARD = gnu11;
				GCC_DYNAMIC_NO_PIC = NO;
				GCC_NO_COMMON_BLOCKS = YES;
				GCC_OPTIMIZATION_LEVEL = 0;
				GCC_PREPROCESSOR_DEFINITIONS = (
					"DEBUG=1",
					"$(inherited)",
				);
				GCC_WARN_64_TO_32_BIT_CONVERSION = YES;
				GCC_WARN_ABOUT_RETURN_TYPE = YES_ERROR;
				GCC_WARN_UNDECLARED_SELECTOR = YES;
				GCC_WARN_UNINITIALIZED_AUTOS = YES_AGGRESSIVE;
				GCC_WARN_UNUSED_FUNCTION = YES;
				GCC_WARN_UNUSED_VARIABLE = YES;
				IPHONEOS_DEPLOYMENT_TARGET = 13.0;
				MTL_ENABLE_DEBUG_INFO = INCLUDE_SOURCE;
				MTL_FAST_MATH = YES;
				ONLY_ACTIVE_ARCH = YES;
				SDKROOT = iphoneos;
				SWIFT_ACTIVE_COMPILATION_CONDITIONS = DEBUG;
				SWIFT_OPTIMIZATION_LEVEL = "-Onone";
			};
			name = Debug;
		};
		A5CA79A1238AF46C00263480 /* Release */ = {
			isa = XCBuildConfiguration;
			buildSettings = {
				ALWAYS_SEARCH_USER_PATHS = NO;
				CLANG_ANALYZER_NONNULL = YES;
				CLANG_ANALYZER_NUMBER_OBJECT_CONVERSION = YES_AGGRESSIVE;
				CLANG_CXX_LANGUAGE_STANDARD = "gnu++14";
				CLANG_CXX_LIBRARY = "libc++";
				CLANG_ENABLE_MODULES = YES;
				CLANG_ENABLE_OBJC_ARC = YES;
				CLANG_ENABLE_OBJC_WEAK = YES;
				CLANG_WARN_BLOCK_CAPTURE_AUTORELEASING = YES;
				CLANG_WARN_BOOL_CONVERSION = YES;
				CLANG_WARN_COMMA = YES;
				CLANG_WARN_CONSTANT_CONVERSION = YES;
				CLANG_WARN_DEPRECATED_OBJC_IMPLEMENTATIONS = YES;
				CLANG_WARN_DIRECT_OBJC_ISA_USAGE = YES_ERROR;
				CLANG_WARN_DOCUMENTATION_COMMENTS = YES;
				CLANG_WARN_EMPTY_BODY = YES;
				CLANG_WARN_ENUM_CONVERSION = YES;
				CLANG_WARN_INFINITE_RECURSION = YES;
				CLANG_WARN_INT_CONVERSION = YES;
				CLANG_WARN_NON_LITERAL_NULL_CONVERSION = YES;
				CLANG_WARN_OBJC_IMPLICIT_RETAIN_SELF = YES;
				CLANG_WARN_OBJC_LITERAL_CONVERSION = YES;
				CLANG_WARN_OBJC_ROOT_CLASS = YES_ERROR;
				CLANG_WARN_RANGE_LOOP_ANALYSIS = YES;
				CLANG_WARN_STRICT_PROTOTYPES = YES;
				CLANG_WARN_SUSPICIOUS_MOVE = YES;
				CLANG_WARN_UNGUARDED_AVAILABILITY = YES_AGGRESSIVE;
				CLANG_WARN_UNREACHABLE_CODE = YES;
				CLANG_WARN__DUPLICATE_METHOD_MATCH = YES;
				COPY_PHASE_STRIP = NO;
				DEBUG_INFORMATION_FORMAT = "dwarf-with-dsym";
				ENABLE_NS_ASSERTIONS = NO;
				ENABLE_STRICT_OBJC_MSGSEND = YES;
				GCC_C_LANGUAGE_STANDARD = gnu11;
				GCC_NO_COMMON_BLOCKS = YES;
				GCC_WARN_64_TO_32_BIT_CONVERSION = YES;
				GCC_WARN_ABOUT_RETURN_TYPE = YES_ERROR;
				GCC_WARN_UNDECLARED_SELECTOR = YES;
				GCC_WARN_UNINITIALIZED_AUTOS = YES_AGGRESSIVE;
				GCC_WARN_UNUSED_FUNCTION = YES;
				GCC_WARN_UNUSED_VARIABLE = YES;
				IPHONEOS_DEPLOYMENT_TARGET = 13.0;
				MTL_ENABLE_DEBUG_INFO = NO;
				MTL_FAST_MATH = YES;
				SDKROOT = iphoneos;
				SWIFT_COMPILATION_MODE = wholemodule;
				SWIFT_OPTIMIZATION_LEVEL = "-O";
				VALIDATE_PRODUCT = YES;
			};
			name = Release;
		};
		A5CA79A3238AF46C00263480 /* Debug */ = {
			isa = XCBuildConfiguration;
			buildSettings = {
				ASSETCATALOG_COMPILER_APPICON_NAME = AppIcon;
				CODE_SIGN_STYLE = Automatic;
				DEVELOPMENT_ASSET_PATHS = "\"Tallybook/Preview Content\"";
				ENABLE_PREVIEWS = YES;
				INFOPLIST_FILE = Tallybook/Info.plist;
				LD_RUNPATH_SEARCH_PATHS = (
					"$(inherited)",
					"@executable_path/Frameworks",
				);
				PRODUCT_BUNDLE_IDENTIFIER = com.mbick.Tallybook;
				PRODUCT_NAME = "$(TARGET_NAME)";
				SWIFT_VERSION = 5.0;
				TARGETED_DEVICE_FAMILY = "1,2";
			};
			name = Debug;
		};
		A5CA79A4238AF46C00263480 /* Release */ = {
			isa = XCBuildConfiguration;
			buildSettings = {
				ASSETCATALOG_COMPILER_APPICON_NAME = AppIcon;
				CODE_SIGN_STYLE = Automatic;
				DEVELOPMENT_ASSET_PATHS = "\"Tallybook/Preview Content\"";
				ENABLE_PREVIEWS = YES;
				INFOPLIST_FILE = Tallybook/Info.plist;
				LD_RUNPATH_SEARCH_PATHS = (
					"$(inherited)",
					"@executable_path/Frameworks",
				);
				PRODUCT_BUNDLE_IDENTIFIER = com.mbick.Tallybook;
				PRODUCT_NAME = "$(TARGET_NAME)";
				SWIFT_VERSION = 5.0;
				TARGETED_DEVICE_FAMILY = "1,2";
			};
			name = Release;
		};
		A5CA79A6238AF46C00263480 /* Debug */ = {
			isa = XCBuildConfiguration;
			buildSettings = {
				ALWAYS_EMBED_SWIFT_STANDARD_LIBRARIES = YES;
				BUNDLE_LOADER = "$(TEST_HOST)";
				CODE_SIGN_STYLE = Automatic;
				INFOPLIST_FILE = TallybookTests/Info.plist;
				IPHONEOS_DEPLOYMENT_TARGET = 13.0;
				LD_RUNPATH_SEARCH_PATHS = (
					"$(inherited)",
					"@executable_path/Frameworks",
					"@loader_path/Frameworks",
				);
				PRODUCT_BUNDLE_IDENTIFIER = com.mbick.TallybookTests;
				PRODUCT_NAME = "$(TARGET_NAME)";
				SWIFT_VERSION = 5.0;
				TARGETED_DEVICE_FAMILY = "1,2";
				TEST_HOST = "$(BUILT_PRODUCTS_DIR)/Tallybook.app/Tallybook";
			};
			name = Debug;
		};
		A5CA79A7238AF46C00263480 /* Release */ = {
			isa = XCBuildConfiguration;
			buildSettings = {
				ALWAYS_EMBED_SWIFT_STANDARD_LIBRARIES = YES;
				BUNDLE_LOADER = "$(TEST_HOST)";
				CODE_SIGN_STYLE = Automatic;
				INFOPLIST_FILE = TallybookTests/Info.plist;
				IPHONEOS_DEPLOYMENT_TARGET = 13.0;
				LD_RUNPATH_SEARCH_PATHS = (
					"$(inherited)",
					"@executable_path/Frameworks",
					"@loader_path/Frameworks",
				);
				PRODUCT_BUNDLE_IDENTIFIER = com.mbick.TallybookTests;
				PRODUCT_NAME = "$(TARGET_NAME)";
				SWIFT_VERSION = 5.0;
				TARGETED_DEVICE_FAMILY = "1,2";
				TEST_HOST = "$(BUILT_PRODUCTS_DIR)/Tallybook.app/Tallybook";
			};
			name = Release;
		};
		A5CA79A9238AF46C00263480 /* Debug */ = {
			isa = XCBuildConfiguration;
			buildSettings = {
				ALWAYS_EMBED_SWIFT_STANDARD_LIBRARIES = YES;
				CODE_SIGN_STYLE = Automatic;
				INFOPLIST_FILE = TallybookUITests/Info.plist;
				LD_RUNPATH_SEARCH_PATHS = (
					"$(inherited)",
					"@executable_path/Frameworks",
					"@loader_path/Frameworks",
				);
				PRODUCT_BUNDLE_IDENTIFIER = com.mbick.TallybookUITests;
				PRODUCT_NAME = "$(TARGET_NAME)";
				SWIFT_VERSION = 5.0;
				TARGETED_DEVICE_FAMILY = "1,2";
				TEST_TARGET_NAME = Tallybook;
			};
			name = Debug;
		};
		A5CA79AA238AF46C00263480 /* Release */ = {
			isa = XCBuildConfiguration;
			buildSettings = {
				ALWAYS_EMBED_SWIFT_STANDARD_LIBRARIES = YES;
				CODE_SIGN_STYLE = Automatic;
				INFOPLIST_FILE = TallybookUITests/Info.plist;
				LD_RUNPATH_SEARCH_PATHS = (
					"$(inherited)",
					"@executable_path/Frameworks",
					"@loader_path/Frameworks",
				);
				PRODUCT_BUNDLE_IDENTIFIER = com.mbick.TallybookUITests;
				PRODUCT_NAME = "$(TARGET_NAME)";
				SWIFT_VERSION = 5.0;
				TARGETED_DEVICE_FAMILY = "1,2";
				TEST_TARGET_NAME = Tallybook;
			};
			name = Release;
		};
/* End XCBuildConfiguration section */

/* Begin XCConfigurationList section */
		A5CA7973238AF46A00263480 /* Build configuration list for PBXProject "Tallybook" */ = {
			isa = XCConfigurationList;
			buildConfigurations = (
				A5CA79A0238AF46C00263480 /* Debug */,
				A5CA79A1238AF46C00263480 /* Release */,
			);
			defaultConfigurationIsVisible = 0;
			defaultConfigurationName = Release;
		};
		A5CA79A2238AF46C00263480 /* Build configuration list for PBXNativeTarget "Tallybook" */ = {
			isa = XCConfigurationList;
			buildConfigurations = (
				A5CA79A3238AF46C00263480 /* Debug */,
				A5CA79A4238AF46C00263480 /* Release */,
			);
			defaultConfigurationIsVisible = 0;
			defaultConfigurationName = Release;
		};
		A5CA79A5238AF46C00263480 /* Build configuration list for PBXNativeTarget "TallybookTests" */ = {
			isa = XCConfigurationList;
			buildConfigurations = (
				A5CA79A6238AF46C00263480 /* Debug */,
				A5CA79A7238AF46C00263480 /* Release */,
			);
			defaultConfigurationIsVisible = 0;
			defaultConfigurationName = Release;
		};
		A5CA79A8238AF46C00263480 /* Build configuration list for PBXNativeTarget "TallybookUITests" */ = {
			isa = XCConfigurationList;
			buildConfigurations = (
				A5CA79A9238AF46C00263480 /* Debug */,
				A5CA79AA238AF46C00263480 /* Release */,
			);
			defaultConfigurationIsVisible = 0;
			defaultConfigurationName = Release;
		};
/* End XCConfigurationList section */
	};
	rootObject = A5CA7970238AF46A00263480 /* Project object */;
}
